
Microsoft Visual Studio Solution File, Format Version 12.00
# Visual Studio 15
VisualStudioVersion = 15.0.28307.852
MinimumVisualStudioVersion = 10.0.40219.1
Project("{E24C65DC-7377-472B-9ABA-BC803B73C61A}") = "RoomMagnet", "RoomMagnet\", "{6B24A2C0-E0EC-4C55-9021-4505BE1B92BA}"
	ProjectSection(WebsiteProperties) = preProject
		TargetFrameworkMoniker = ".NETFramework,Version%3Dv4.6.1"
		Debug.AspNetCompiler.VirtualPath = "/localhost_49356"
		Debug.AspNetCompiler.PhysicalPath = "RoomMagnet\"
		Debug.AspNetCompiler.TargetPath = "PrecompiledWeb\localhost_49356\"
		Debug.AspNetCompiler.Updateable = "true"
		Debug.AspNetCompiler.ForceOverwrite = "true"
		Debug.AspNetCompiler.FixedNames = "false"
		Debug.AspNetCompiler.Debug = "True"
		Release.AspNetCompiler.VirtualPath = "/localhost_49356"
		Release.AspNetCompiler.PhysicalPath = "RoomMagnet\"
		Release.AspNetCompiler.TargetPath = "PrecompiledWeb\localhost_49356\"
		Release.AspNetCompiler.Updateable = "true"
		Release.AspNetCompiler.ForceOverwrite = "true"
		Release.AspNetCompiler.FixedNames = "false"
		Release.AspNetCompiler.Debug = "False"
		VWDPort = "49356"
		SlnRelativePath = "RoomMagnet\"
		DefaultWebSiteLanguage = "Visual C#"
	EndProjectSection
EndProject
Global
	GlobalSection(SolutionConfigurationPlatforms) = preSolution
		Debug|Any CPU = Debug|Any CPU
	EndGlobalSection
	GlobalSection(ProjectConfigurationPlatforms) = postSolution
		{6B24A2C0-E0EC-4C55-9021-4505BE1B92BA}.Debug|Any CPU.ActiveCfg = Debug|Any CPU
		{6B24A2C0-E0EC-4C55-9021-4505BE1B92BA}.Debug|Any CPU.Build.0 = Debug|Any CPU
	EndGlobalSection
	GlobalSection(SolutionProperties) = preSolution
		HideSolutionNode = FALSE
	EndGlobalSection
	GlobalSection(ExtensibilityGlobals) = postSolution
		SolutionGuid = {519ECD8C-9B93-419D-898C-E164D0934F49}
	EndGlobalSection
EndGlobal
